
Microsoft Visual Studio Solution File, Format Version 12.00
# Visual Studio Version 16
VisualStudioVersion = 16.0.31410.357
MinimumVisualStudioVersion = 10.0.40219.1
Project("{FAE04EC0-301F-11D3-BF4B-00C04F79EFBC}") = "Arrays", "Arrays\Arrays.csproj", "{A837082B-ED48-4D27-AED0-58BA0366720F}"
EndProject
Global
	GlobalSection(SolutionConfigurationPlatforms) = preSolution
		Debug|Any CPU = Debug|Any CPU
		Release|Any CPU = Release|Any CPU
	EndGlobalSection
	GlobalSection(ProjectConfigurationPlatforms) = postSolution
		{A837082B-ED48-4D27-AED0-58BA0366720F}.Debug|Any CPU.ActiveCfg = Debug|Any CPU
		{A837082B-ED48-4D27-AED0-58BA0366720F}.Debug|Any CPU.Build.0 = Debug|Any CPU
		{A837082B-ED48-4D27-AED0-58BA0366720F}.Release|Any CPU.ActiveCfg = Release|Any CPU
		{A837082B-ED48-4D27-AED0-58BA0366720F}.Release|Any CPU.Build.0 = Release|Any CPU
	EndGlobalSection
	GlobalSection(SolutionProperties) = preSolution
		HideSolutionNode = FALSE
	EndGlobalSection
	GlobalSection(ExtensibilityGlobals) = postSolution
		SolutionGuid = {B334DF5E-468E-4B62-837F-D92D556A2435}
	EndGlobalSection
EndGlobal
