
Microsoft Visual Studio Solution File, Format Version 12.00
# Visual Studio Version 16
VisualStudioVersion = 16.0.31410.357
MinimumVisualStudioVersion = 10.0.40219.1
Project("{FAE04EC0-301F-11D3-BF4B-00C04F79EFBC}") = "NullHandling", "NullHandling\NullHandling.csproj", "{19562E38-F7A8-4D77-9410-2752EA5CBBB9}"
EndProject
Global
	GlobalSection(SolutionConfigurationPlatforms) = preSolution
		Debug|Any CPU = Debug|Any CPU
		Release|Any CPU = Release|Any CPU
	EndGlobalSection
	GlobalSection(ProjectConfigurationPlatforms) = postSolution
		{19562E38-F7A8-4D77-9410-2752EA5CBBB9}.Debug|Any CPU.ActiveCfg = Debug|Any CPU
		{19562E38-F7A8-4D77-9410-2752EA5CBBB9}.Debug|Any CPU.Build.0 = Debug|Any CPU
		{19562E38-F7A8-4D77-9410-2752EA5CBBB9}.Release|Any CPU.ActiveCfg = Release|Any CPU
		{19562E38-F7A8-4D77-9410-2752EA5CBBB9}.Release|Any CPU.Build.0 = Release|Any CPU
	EndGlobalSection
	GlobalSection(SolutionProperties) = preSolution
		HideSolutionNode = FALSE
	EndGlobalSection
	GlobalSection(ExtensibilityGlobals) = postSolution
		SolutionGuid = {EB67FBDA-4CD4-4B18-A89E-04B657DCB335}
	EndGlobalSection
EndGlobal
