
Microsoft Visual Studio Solution File, Format Version 12.00
# Visual Studio Version 16
VisualStudioVersion = 16.0.31410.357
MinimumVisualStudioVersion = 10.0.40219.1
Project("{FAE04EC0-301F-11D3-BF4B-00C04F79EFBC}") = "Operators", "Operators\Operators.csproj", "{BBF750D0-BFE2-4799-B72D-94F7E80DD40E}"
EndProject
Global
	GlobalSection(SolutionConfigurationPlatforms) = preSolution
		Debug|Any CPU = Debug|Any CPU
		Release|Any CPU = Release|Any CPU
	EndGlobalSection
	GlobalSection(ProjectConfigurationPlatforms) = postSolution
		{BBF750D0-BFE2-4799-B72D-94F7E80DD40E}.Debug|Any CPU.ActiveCfg = Debug|Any CPU
		{BBF750D0-BFE2-4799-B72D-94F7E80DD40E}.Debug|Any CPU.Build.0 = Debug|Any CPU
		{BBF750D0-BFE2-4799-B72D-94F7E80DD40E}.Release|Any CPU.ActiveCfg = Release|Any CPU
		{BBF750D0-BFE2-4799-B72D-94F7E80DD40E}.Release|Any CPU.Build.0 = Release|Any CPU
	EndGlobalSection
	GlobalSection(SolutionProperties) = preSolution
		HideSolutionNode = FALSE
	EndGlobalSection
	GlobalSection(ExtensibilityGlobals) = postSolution
		SolutionGuid = {818AC726-FAB2-49BF-8563-AA1AED49B780}
	EndGlobalSection
EndGlobal
