
Microsoft Visual Studio Solution File, Format Version 12.00
# Visual Studio Version 16
VisualStudioVersion = 16.0.31410.357
MinimumVisualStudioVersion = 10.0.40219.1
Project("{FAE04EC0-301F-11D3-BF4B-00C04F79EFBC}") = "Formatting", "Formatting\Formatting.csproj", "{BA0F3B6C-0A46-406A-AD05-2B0C57BB8D5E}"
EndProject
Global
	GlobalSection(SolutionConfigurationPlatforms) = preSolution
		Debug|Any CPU = Debug|Any CPU
		Release|Any CPU = Release|Any CPU
	EndGlobalSection
	GlobalSection(ProjectConfigurationPlatforms) = postSolution
		{BA0F3B6C-0A46-406A-AD05-2B0C57BB8D5E}.Debug|Any CPU.ActiveCfg = Debug|Any CPU
		{BA0F3B6C-0A46-406A-AD05-2B0C57BB8D5E}.Debug|Any CPU.Build.0 = Debug|Any CPU
		{BA0F3B6C-0A46-406A-AD05-2B0C57BB8D5E}.Release|Any CPU.ActiveCfg = Release|Any CPU
		{BA0F3B6C-0A46-406A-AD05-2B0C57BB8D5E}.Release|Any CPU.Build.0 = Release|Any CPU
	EndGlobalSection
	GlobalSection(SolutionProperties) = preSolution
		HideSolutionNode = FALSE
	EndGlobalSection
	GlobalSection(ExtensibilityGlobals) = postSolution
		SolutionGuid = {C9174997-63A3-4247-BFA5-E55828DE93CF}
	EndGlobalSection
EndGlobal
