
Microsoft Visual Studio Solution File, Format Version 12.00
# Visual Studio Version 16
VisualStudioVersion = 16.0.31410.357
MinimumVisualStudioVersion = 10.0.40219.1
Project("{9A19103F-16F7-4668-BE54-9A1E7A4F7556}") = "CalculatorLib", "CalculatorLib\CalculatorLib.csproj", "{CA387ACD-2441-430A-9BC8-583C6E43826F}"
EndProject
Project("{FAE04EC0-301F-11D3-BF4B-00C04F79EFBC}") = "CalculatorLibUnitTests", "CalculatorLibUnitTests\CalculatorLibUnitTests.csproj", "{66BD1D1F-3867-4715-BE46-3BA38E5F30DD}"
EndProject
Global
	GlobalSection(SolutionConfigurationPlatforms) = preSolution
		Debug|Any CPU = Debug|Any CPU
		Release|Any CPU = Release|Any CPU
	EndGlobalSection
	GlobalSection(ProjectConfigurationPlatforms) = postSolution
		{CA387ACD-2441-430A-9BC8-583C6E43826F}.Debug|Any CPU.ActiveCfg = Debug|Any CPU
		{CA387ACD-2441-430A-9BC8-583C6E43826F}.Debug|Any CPU.Build.0 = Debug|Any CPU
		{CA387ACD-2441-430A-9BC8-583C6E43826F}.Release|Any CPU.ActiveCfg = Release|Any CPU
		{CA387ACD-2441-430A-9BC8-583C6E43826F}.Release|Any CPU.Build.0 = Release|Any CPU
		{66BD1D1F-3867-4715-BE46-3BA38E5F30DD}.Debug|Any CPU.ActiveCfg = Debug|Any CPU
		{66BD1D1F-3867-4715-BE46-3BA38E5F30DD}.Debug|Any CPU.Build.0 = Debug|Any CPU
		{66BD1D1F-3867-4715-BE46-3BA38E5F30DD}.Release|Any CPU.ActiveCfg = Release|Any CPU
		{66BD1D1F-3867-4715-BE46-3BA38E5F30DD}.Release|Any CPU.Build.0 = Release|Any CPU
	EndGlobalSection
	GlobalSection(SolutionProperties) = preSolution
		HideSolutionNode = FALSE
	EndGlobalSection
	GlobalSection(ExtensibilityGlobals) = postSolution
		SolutionGuid = {1222BDAC-1496-4A5C-BFDE-04A69E85567E}
	EndGlobalSection
EndGlobal
