
Microsoft Visual Studio Solution File, Format Version 12.00
# Visual Studio Version 16
VisualStudioVersion = 16.0.31129.286
MinimumVisualStudioVersion = 10.0.40219.1
Project("{FAE04EC0-301F-11D3-BF4B-00C04F79EFBC}") = "ConsoleApp1", "ConsoleApp1\ConsoleApp1.csproj", "{2BFCFF9D-A2B5-41A0-871B-BCA3FEA3000F}"
EndProject
Global
	GlobalSection(SolutionConfigurationPlatforms) = preSolution
		Debug|Any CPU = Debug|Any CPU
		Release|Any CPU = Release|Any CPU
	EndGlobalSection
	GlobalSection(ProjectConfigurationPlatforms) = postSolution
		{2BFCFF9D-A2B5-41A0-871B-BCA3FEA3000F}.Debug|Any CPU.ActiveCfg = Debug|Any CPU
		{2BFCFF9D-A2B5-41A0-871B-BCA3FEA3000F}.Debug|Any CPU.Build.0 = Debug|Any CPU
		{2BFCFF9D-A2B5-41A0-871B-BCA3FEA3000F}.Release|Any CPU.ActiveCfg = Release|Any CPU
		{2BFCFF9D-A2B5-41A0-871B-BCA3FEA3000F}.Release|Any CPU.Build.0 = Release|Any CPU
	EndGlobalSection
	GlobalSection(SolutionProperties) = preSolution
		HideSolutionNode = FALSE
	EndGlobalSection
	GlobalSection(ExtensibilityGlobals) = postSolution
		SolutionGuid = {2B479F67-122E-448C-9D35-326200367AFD}
	EndGlobalSection
EndGlobal
