
Microsoft Visual Studio Solution File, Format Version 12.00
# Visual Studio Version 16
VisualStudioVersion = 16.0.31410.357
MinimumVisualStudioVersion = 10.0.40219.1
Project("{FAE04EC0-301F-11D3-BF4B-00C04F79EFBC}") = "PacktLibrary9", "PacktLibrary9\PacktLibrary9.csproj", "{E3912856-57F3-491E-8659-381900ABE514}"
EndProject
Global
	GlobalSection(SolutionConfigurationPlatforms) = preSolution
		Debug|Any CPU = Debug|Any CPU
		Release|Any CPU = Release|Any CPU
	EndGlobalSection
	GlobalSection(ProjectConfigurationPlatforms) = postSolution
		{E3912856-57F3-491E-8659-381900ABE514}.Debug|Any CPU.ActiveCfg = Debug|Any CPU
		{E3912856-57F3-491E-8659-381900ABE514}.Debug|Any CPU.Build.0 = Debug|Any CPU
		{E3912856-57F3-491E-8659-381900ABE514}.Release|Any CPU.ActiveCfg = Release|Any CPU
		{E3912856-57F3-491E-8659-381900ABE514}.Release|Any CPU.Build.0 = Release|Any CPU
	EndGlobalSection
	GlobalSection(SolutionProperties) = preSolution
		HideSolutionNode = FALSE
	EndGlobalSection
	GlobalSection(ExtensibilityGlobals) = postSolution
		SolutionGuid = {C447B983-EFAB-4586-9480-627BB25BDE10}
	EndGlobalSection
EndGlobal
